// !$*UTF8*$!
{
	archiveVersion = 1;
	classes = {
	};
	objectVersion = 46;
	objects = {

/* Begin PBXBuildFile section */
		0E1998861BF08020006BA714 /* AppDelegate.swift in Sources */ = {isa = PBXBuildFile; fileRef = 0E1998851BF08020006BA714 /* AppDelegate.swift */; };
		0E1998881BF08020006BA714 /* RecordSoundViewController.swift in Sources */ = {isa = PBXBuildFile; fileRef = 0E1998871BF08020006BA714 /* RecordSoundViewController.swift */; };
		0E19988B1BF08020006BA714 /* Main.storyboard in Resources */ = {isa = PBXBuildFile; fileRef = 0E1998891BF08020006BA714 /* Main.storyboard */; };
		0E19988D1BF08020006BA714 /* Assets.xcassets in Resources */ = {isa = PBXBuildFile; fileRef = 0E19988C1BF08020006BA714 /* Assets.xcassets */; };
		0E1998901BF08020006BA714 /* LaunchScreen.storyboard in Resources */ = {isa = PBXBuildFile; fileRef = 0E19988E1BF08020006BA714 /* LaunchScreen.storyboard */; };
		0E19989B1BF08020006BA714 /* Pitch_PerfectTests.swift in Sources */ = {isa = PBXBuildFile; fileRef = 0E19989A1BF08020006BA714 /* Pitch_PerfectTests.swift */; };
		0E1998A61BF08020006BA714 /* Pitch_PerfectUITests.swift in Sources */ = {isa = PBXBuildFile; fileRef = 0E1998A51BF08020006BA714 /* Pitch_PerfectUITests.swift */; };
		0E2C8F101BFC69BA00471AFF /* RecordedAudio.swift in Sources */ = {isa = PBXBuildFile; fileRef = 0E2C8F0F1BFC69BA00471AFF /* RecordedAudio.swift */; };
		0EE993A91BF99E5A0034D8A4 /* PlaySoundsViewController.swift in Sources */ = {isa = PBXBuildFile; fileRef = 0EE993A81BF99E5A0034D8A4 /* PlaySoundsViewController.swift */; };
/* End PBXBuildFile section */

/* Begin PBXContainerItemProxy section */
		0E1998971BF08020006BA714 /* PBXContainerItemProxy */ = {
			isa = PBXContainerItemProxy;
			containerPortal = 0E19987A1BF08020006BA714 /* Project object */;
			proxyType = 1;
			remoteGlobalIDString = 0E1998811BF08020006BA714;
			remoteInfo = "Pitch Perfect";
		};
		0E1998A21BF08020006BA714 /* PBXContainerItemProxy */ = {
			isa = PBXContainerItemProxy;
			containerPortal = 0E19987A1BF08020006BA714 /* Project object */;
			proxyType = 1;
			remoteGlobalIDString = 0E1998811BF08020006BA714;
			remoteInfo = "Pitch Perfect";
		};
/* End PBXContainerItemProxy section */

/* Begin PBXFileReference section */
		0E1998821BF08020006BA714 /* Pitch Perfect.app */ = {isa = PBXFileReference; explicitFileType = wrapper.application; includeInIndex = 0; path = "Pitch Perfect.app"; sourceTree = BUILT_PRODUCTS_DIR; };
		0E1998851BF08020006BA714 /* AppDelegate.swift */ = {isa = PBXFileReference; lastKnownFileType = sourcecode.swift; path = AppDelegate.swift; sourceTree = "<group>"; };
		0E1998871BF08020006BA714 /* RecordSoundViewController.swift */ = {isa = PBXFileReference; lastKnownFileType = sourcecode.swift; path = RecordSoundViewController.swift; sourceTree = "<group>"; };
		0E19988A1BF08020006BA714 /* Base */ = {isa = PBXFileReference; lastKnownFileType = file.storyboard; name = Base; path = Base.lproj/Main.storyboard; sourceTree = "<group>"; };
		0E19988C1BF08020006BA714 /* Assets.xcassets */ = {isa = PBXFileReference; lastKnownFileType = folder.assetcatalog; path = Assets.xcassets; sourceTree = "<group>"; };
		0E19988F1BF08020006BA714 /* Base */ = {isa = PBXFileReference; lastKnownFileType = file.storyboard; name = Base; path = Base.lproj/LaunchScreen.storyboard; sourceTree = "<group>"; };
		0E1998911BF08020006BA714 /* Info.plist */ = {isa = PBXFileReference; lastKnownFileType = text.plist.xml; path = Info.plist; sourceTree = "<group>"; };
		0E1998961BF08020006BA714 /* Pitch PerfectTests.xctest */ = {isa = PBXFileReference; explicitFileType = wrapper.cfbundle; includeInIndex = 0; path = "Pitch PerfectTests.xctest"; sourceTree = BUILT_PRODUCTS_DIR; };
		0E19989A1BF08020006BA714 /* Pitch_PerfectTests.swift */ = {isa = PBXFileReference; lastKnownFileType = sourcecode.swift; path = Pitch_PerfectTests.swift; sourceTree = "<group>"; };
		0E19989C1BF08020006BA714 /* Info.plist */ = {isa = PBXFileReference; lastKnownFileType = text.plist.xml; path = Info.plist; sourceTree = "<group>"; };
		0E1998A11BF08020006BA714 /* Pitch PerfectUITests.xctest */ = {isa = PBXFileReference; explicitFileType = wrapper.cfbundle; includeInIndex = 0; path = "Pitch PerfectUITests.xctest"; sourceTree = BUILT_PRODUCTS_DIR; };
		0E1998A51BF08020006BA714 /* Pitch_PerfectUITests.swift */ = {isa = PBXFileReference; lastKnownFileType = sourcecode.swift; path = Pitch_PerfectUITests.swift; sourceTree = "<group>"; };
		0E1998A71BF08020006BA714 /* Info.plist */ = {isa = PBXFileReference; lastKnownFileType = text.plist.xml; path = Info.plist; sourceTree = "<group>"; };
		0E2C8F0F1BFC69BA00471AFF /* RecordedAudio.swift */ = {isa = PBXFileReference; fileEncoding = 4; lastKnownFileType = sourcecode.swift; path = RecordedAudio.swift; sourceTree = "<group>"; };
		0EE993A81BF99E5A0034D8A4 /* PlaySoundsViewController.swift */ = {isa = PBXFileReference; fileEncoding = 4; lastKnownFileType = sourcecode.swift; path = PlaySoundsViewController.swift; sourceTree = "<group>"; };
/* End PBXFileReference section */

/* Begin PBXFrameworksBuildPhase section */
		0E19987F1BF08020006BA714 /* Frameworks */ = {
			isa = PBXFrameworksBuildPhase;
			buildActionMask = 2147483647;
			files = (
			);
			runOnlyForDeploymentPostprocessing = 0;
		};
		0E1998931BF08020006BA714 /* Frameworks */ = {
			isa = PBXFrameworksBuildPhase;
			buildActionMask = 2147483647;
			files = (
			);
			runOnlyForDeploymentPostprocessing = 0;
		};
		0E19989E1BF08020006BA714 /* Frameworks */ = {
			isa = PBXFrameworksBuildPhase;
			buildActionMask = 2147483647;
			files = (
			);
			runOnlyForDeploymentPostprocessing = 0;
		};
/* End PBXFrameworksBuildPhase section */

/* Begin PBXGroup section */
		0E1998791BF08020006BA714 = {
			isa = PBXGroup;
			children = (
				0E1998841BF08020006BA714 /* Pitch Perfect */,
				0E1998991BF08020006BA714 /* Pitch PerfectTests */,
				0E1998A41BF08020006BA714 /* Pitch PerfectUITests */,
				0E1998831BF08020006BA714 /* Products */,
			);
			sourceTree = "<group>";
		};
		0E1998831BF08020006BA714 /* Products */ = {
			isa = PBXGroup;
			children = (
				0E1998821BF08020006BA714 /* Pitch Perfect.app */,
				0E1998961BF08020006BA714 /* Pitch PerfectTests.xctest */,
				0E1998A11BF08020006BA714 /* Pitch PerfectUITests.xctest */,
			);
			name = Products;
			sourceTree = "<group>";
		};
		0E1998841BF08020006BA714 /* Pitch Perfect */ = {
			isa = PBXGroup;
			children = (
				0E1998851BF08020006BA714 /* AppDelegate.swift */,
				0E1998871BF08020006BA714 /* RecordSoundViewController.swift */,
				0E2C8F0F1BFC69BA00471AFF /* RecordedAudio.swift */,
				0E1998891BF08020006BA714 /* Main.storyboard */,
				0EE993A81BF99E5A0034D8A4 /* PlaySoundsViewController.swift */,
				0E19988C1BF08020006BA714 /* Assets.xcassets */,
				0E19988E1BF08020006BA714 /* LaunchScreen.storyboard */,
				0E1998911BF08020006BA714 /* Info.plist */,
			);
			path = "Pitch Perfect";
			sourceTree = "<group>";
		};
		0E1998991BF08020006BA714 /* Pitch PerfectTests */ = {
			isa = PBXGroup;
			children = (
				0E19989A1BF08020006BA714 /* Pitch_PerfectTests.swift */,
				0E19989C1BF08020006BA714 /* Info.plist */,
			);
			path = "Pitch PerfectTests";
			sourceTree = "<group>";
		};
		0E1998A41BF08020006BA714 /* Pitch PerfectUITests */ = {
			isa = PBXGroup;
			children = (
				0E1998A51BF08020006BA714 /* Pitch_PerfectUITests.swift */,
				0E1998A71BF08020006BA714 /* Info.plist */,
			);
			path = "Pitch PerfectUITests";
			sourceTree = "<group>";
		};
/* End PBXGroup section */

/* Begin PBXNativeTarget section */
		0E1998811BF08020006BA714 /* Pitch Perfect */ = {
			isa = PBXNativeTarget;
			buildConfigurationList = 0E1998AA1BF08020006BA714 /* Build configuration list for PBXNativeTarget "Pitch Perfect" */;
			buildPhases = (
				0E19987E1BF08020006BA714 /* Sources */,
				0E19987F1BF08020006BA714 /* Frameworks */,
				0E1998801BF08020006BA714 /* Resources */,
			);
			buildRules = (
			);
			dependencies = (
			);
			name = "Pitch Perfect";
			productName = "Pitch Perfect";
			productReference = 0E1998821BF08020006BA714 /* Pitch Perfect.app */;
			productType = "com.apple.product-type.application";
		};
		0E1998951BF08020006BA714 /* Pitch PerfectTests */ = {
			isa = PBXNativeTarget;
			buildConfigurationList = 0E1998AD1BF08020006BA714 /* Build configuration list for PBXNativeTarget "Pitch PerfectTests" */;
			buildPhases = (
				0E1998921BF08020006BA714 /* Sources */,
				0E1998931BF08020006BA714 /* Frameworks */,
				0E1998941BF08020006BA714 /* Resources */,
			);
			buildRules = (
			);
			dependencies = (
				0E1998981BF08020006BA714 /* PBXTargetDependency */,
			);
			name = "Pitch PerfectTests";
			productName = "Pitch PerfectTests";
			productReference = 0E1998961BF08020006BA714 /* Pitch PerfectTests.xctest */;
			productType = "com.apple.product-type.bundle.unit-test";
		};
		0E1998A01BF08020006BA714 /* Pitch PerfectUITests */ = {
			isa = PBXNativeTarget;
			buildConfigurationList = 0E1998B01BF08020006BA714 /* Build configuration list for PBXNativeTarget "Pitch PerfectUITests" */;
			buildPhases = (
				0E19989D1BF08020006BA714 /* Sources */,
				0E19989E1BF08020006BA714 /* Frameworks */,
				0E19989F1BF08020006BA714 /* Resources */,
			);
			buildRules = (
			);
			dependencies = (
				0E1998A31BF08020006BA714 /* PBXTargetDependency */,
			);
			name = "Pitch PerfectUITests";
			productName = "Pitch PerfectUITests";
			productReference = 0E1998A11BF08020006BA714 /* Pitch PerfectUITests.xctest */;
			productType = "com.apple.product-type.bundle.ui-testing";
		};
/* End PBXNativeTarget section */

/* Begin PBXProject section */
		0E19987A1BF08020006BA714 /* Project object */ = {
			isa = PBXProject;
			attributes = {
				LastSwiftUpdateCheck = 0710;
				LastUpgradeCheck = 0710;
				ORGANIZATIONNAME = "Samir Marin";
				TargetAttributes = {
					0E1998811BF08020006BA714 = {
						CreatedOnToolsVersion = 7.1;
					};
					0E1998951BF08020006BA714 = {
						CreatedOnToolsVersion = 7.1;
						TestTargetID = 0E1998811BF08020006BA714;
					};
					0E1998A01BF08020006BA714 = {
						CreatedOnToolsVersion = 7.1;
						TestTargetID = 0E1998811BF08020006BA714;
					};
				};
			};
			buildConfigurationList = 0E19987D1BF08020006BA714 /* Build configuration list for PBXProject "Pitch Perfect" */;
			compatibilityVersion = "Xcode 3.2";
			developmentRegion = English;
			hasScannedForEncodings = 0;
			knownRegions = (
				en,
				Base,
			);
			mainGroup = 0E1998791BF08020006BA714;
			productRefGroup = 0E1998831BF08020006BA714 /* Products */;
			projectDirPath = "";
			projectRoot = "";
			targets = (
				0E1998811BF08020006BA714 /* Pitch Perfect */,
				0E1998951BF08020006BA714 /* Pitch PerfectTests */,
				0E1998A01BF08020006BA714 /* Pitch PerfectUITests */,
			);
		};
/* End PBXProject section */

/* Begin PBXResourcesBuildPhase section */
		0E1998801BF08020006BA714 /* Resources */ = {
			isa = PBXResourcesBuildPhase;
			buildActionMask = 2147483647;
			files = (
				0E1998901BF08020006BA714 /* LaunchScreen.storyboard in Resources */,
				0E19988D1BF08020006BA714 /* Assets.xcassets in Resources */,
				0E19988B1BF08020006BA714 /* Main.storyboard in Resources */,
			);
			runOnlyForDeploymentPostprocessing = 0;
		};
		0E1998941BF08020006BA714 /* Resources */ = {
			isa = PBXResourcesBuildPhase;
			buildActionMask = 2147483647;
			files = (
			);
			runOnlyForDeploymentPostprocessing = 0;
		};
		0E19989F1BF08020006BA714 /* Resources */ = {
			isa = PBXResourcesBuildPhase;
			buildActionMask = 2147483647;
			files = (
			);
			runOnlyForDeploymentPostprocessing = 0;
		};
/* End PBXResourcesBuildPhase section */

/* Begin PBXSourcesBuildPhase section */
		0E19987E1BF08020006BA714 /* Sources */ = {
			isa = PBXSourcesBuildPhase;
			buildActionMask = 2147483647;
			files = (
				0E2C8F101BFC69BA00471AFF /* RecordedAudio.swift in Sources */,
				0E1998881BF08020006BA714 /* RecordSoundViewController.swift in Sources */,
				0EE993A91BF99E5A0034D8A4 /* PlaySoundsViewController.swift in Sources */,
				0E1998861BF08020006BA714 /* AppDelegate.swift in Sources */,
			);
			runOnlyForDeploymentPostprocessing = 0;
		};
		0E1998921BF08020006BA714 /* Sources */ = {
			isa = PBXSourcesBuildPhase;
			buildActionMask = 2147483647;
			files = (
				0E19989B1BF08020006BA714 /* Pitch_PerfectTests.swift in Sources */,
			);
			runOnlyForDeploymentPostprocessing = 0;
		};
		0E19989D1BF08020006BA714 /* Sources */ = {
			isa = PBXSourcesBuildPhase;
			buildActionMask = 2147483647;
			files = (
				0E1998A61BF08020006BA714 /* Pitch_PerfectUITests.swift in Sources */,
			);
			runOnlyForDeploymentPostprocessing = 0;
		};
/* End PBXSourcesBuildPhase section */

/* Begin PBXTargetDependency section */
		0E1998981BF08020006BA714 /* PBXTargetDependency */ = {
			isa = PBXTargetDependency;
			target = 0E1998811BF08020006BA714 /* Pitch Perfect */;
			targetProxy = 0E1998971BF08020006BA714 /* PBXContainerItemProxy */;
		};
		0E1998A31BF08020006BA714 /* PBXTargetDependency */ = {
			isa = PBXTargetDependency;
			target = 0E1998811BF08020006BA714 /* Pitch Perfect */;
			targetProxy = 0E1998A21BF08020006BA714 /* PBXContainerItemProxy */;
		};
/* End PBXTargetDependency section */

/* Begin PBXVariantGroup section */
		0E1998891BF08020006BA714 /* Main.storyboard */ = {
			isa = PBXVariantGroup;
			children = (
				0E19988A1BF08020006BA714 /* Base */,
			);
			name = Main.storyboard;
			sourceTree = "<group>";
		};
		0E19988E1BF08020006BA714 /* LaunchScreen.storyboard */ = {
			isa = PBXVariantGroup;
			children = (
				0E19988F1BF08020006BA714 /* Base */,
			);
			name = LaunchScreen.storyboard;
			sourceTree = "<group>";
		};
/* End PBXVariantGroup section */

/* Begin XCBuildConfiguration section */
		0E1998A81BF08020006BA714 /* Debug */ = {
			isa = XCBuildConfiguration;
			buildSettings = {
				ALWAYS_SEARCH_USER_PATHS = NO;
				CLANG_CXX_LANGUAGE_STANDARD = "gnu++0x";
				CLANG_CXX_LIBRARY = "libc++";
				CLANG_ENABLE_MODULES = YES;
				CLANG_ENABLE_OBJC_ARC = YES;
				CLANG_WARN_BOOL_CONVERSION = YES;
				CLANG_WARN_CONSTANT_CONVERSION = YES;
				CLANG_WARN_DIRECT_OBJC_ISA_USAGE = YES_ERROR;
				CLANG_WARN_EMPTY_BODY = YES;
				CLANG_WARN_ENUM_CONVERSION = YES;
				CLANG_WARN_INT_CONVERSION = YES;
				CLANG_WARN_OBJC_ROOT_CLASS = YES_ERROR;
				CLANG_WARN_UNREACHABLE_CODE = YES;
				CLANG_WARN__DUPLICATE_METHOD_MATCH = YES;
				"CODE_SIGN_IDENTITY[sdk=iphoneos*]" = "iPhone Developer";
				COPY_PHASE_STRIP = NO;
				DEBUG_INFORMATION_FORMAT = dwarf;
				ENABLE_STRICT_OBJC_MSGSEND = YES;
				ENABLE_TESTABILITY = YES;
				GCC_C_LANGUAGE_STANDARD = gnu99;
				GCC_DYNAMIC_NO_PIC = NO;
				GCC_NO_COMMON_BLOCKS = YES;
				GCC_OPTIMIZATION_LEVEL = 0;
				GCC_PREPROCESSOR_DEFINITIONS = (
					"DEBUG=1",
					"$(inherited)",
				);
				GCC_WARN_64_TO_32_BIT_CONVERSION = YES;
				GCC_WARN_ABOUT_RETURN_TYPE = YES_ERROR;
				GCC_WARN_UNDECLARED_SELECTOR = YES;
				GCC_WARN_UNINITIALIZED_AUTOS = YES_AGGRESSIVE;
				GCC_WARN_UNUSED_FUNCTION = YES;
				GCC_WARN_UNUSED_VARIABLE = YES;
				IPHONEOS_DEPLOYMENT_TARGET = 9.1;
				MTL_ENABLE_DEBUG_INFO = YES;
				ONLY_ACTIVE_ARCH = YES;
				SDKROOT = iphoneos;
				SWIFT_OPTIMIZATION_LEVEL = "-Onone";
			};
			name = Debug;
		};
		0E1998A91BF08020006BA714 /* Release */ = {
			isa = XCBuildConfiguration;
			buildSettings = {
				ALWAYS_SEARCH_USER_PATHS = NO;
				CLANG_CXX_LANGUAGE_STANDARD = "gnu++0x";
				CLANG_CXX_LIBRARY = "libc++";
				CLANG_ENABLE_MODULES = YES;
				CLANG_ENABLE_OBJC_ARC = YES;
				CLANG_WARN_BOOL_CONVERSION = YES;
				CLANG_WARN_CONSTANT_CONVERSION = YES;
				CLANG_WARN_DIRECT_OBJC_ISA_USAGE = YES_ERROR;
				CLANG_WARN_EMPTY_BODY = YES;
				CLANG_WARN_ENUM_CONVERSION = YES;
				CLANG_WARN_INT_CONVERSION = YES;
				CLANG_WARN_OBJC_ROOT_CLASS = YES_ERROR;
				CLANG_WARN_UNREACHABLE_CODE = YES;
				CLANG_WARN__DUPLICATE_METHOD_MATCH = YES;
				"CODE_SIGN_IDENTITY[sdk=iphoneos*]" = "iPhone Developer";
				COPY_PHASE_STRIP = NO;
				DEBUG_INFORMATION_FORMAT = "dwarf-with-dsym";
				ENABLE_NS_ASSERTIONS = NO;
				ENABLE_STRICT_OBJC_MSGSEND = YES;
				GCC_C_LANGUAGE_STANDARD = gnu99;
				GCC_NO_COMMON_BLOCKS = YES;
				GCC_WARN_64_TO_32_BIT_CONVERSION = YES;
				GCC_WARN_ABOUT_RETURN_TYPE = YES_ERROR;
				GCC_WARN_UNDECLARED_SELECTOR = YES;
				GCC_WARN_UNINITIALIZED_AUTOS = YES_AGGRESSIVE;
				GCC_WARN_UNUSED_FUNCTION = YES;
				GCC_WARN_UNUSED_VARIABLE = YES;
				IPHONEOS_DEPLOYMENT_TARGET = 9.1;
				MTL_ENABLE_DEBUG_INFO = NO;
				SDKROOT = iphoneos;
				VALIDATE_PRODUCT = YES;
			};
			name = Release;
		};
		0E1998AB1BF08020006BA714 /* Debug */ = {
			isa = XCBuildConfiguration;
			buildSettings = {
				ASSETCATALOG_COMPILER_APPICON_NAME = AppIcon;
				INFOPLIST_FILE = "Pitch Perfect/Info.plist";
				LD_RUNPATH_SEARCH_PATHS = "$(inherited) @executable_path/Frameworks";
				PRODUCT_BUNDLE_IDENTIFIER = "com.samirUdacityStudent.Pitch-Perfect";
				PRODUCT_NAME = "$(TARGET_NAME)";
			};
			name = Debug;
		};
		0E1998AC1BF08020006BA714 /* Release */ = {
			isa = XCBuildConfiguration;
			buildSettings = {
				ASSETCATALOG_COMPILER_APPICON_NAME = AppIcon;
				INFOPLIST_FILE = "Pitch Perfect/Info.plist";
				LD_RUNPATH_SEARCH_PATHS = "$(inherited) @executable_path/Frameworks";
				PRODUCT_BUNDLE_IDENTIFIER = "com.samirUdacityStudent.Pitch-Perfect";
				PRODUCT_NAME = "$(TARGET_NAME)";
			};
			name = Release;
		};
		0E1998AE1BF08020006BA714 /* Debug */ = {
			isa = XCBuildConfiguration;
			buildSettings = {
				BUNDLE_LOADER = "$(TEST_HOST)";
				INFOPLIST_FILE = "Pitch PerfectTests/Info.plist";
				LD_RUNPATH_SEARCH_PATHS = "$(inherited) @executable_path/Frameworks @loader_path/Frameworks";
				PRODUCT_BUNDLE_IDENTIFIER = "com.samirUdacityStudent.Pitch-PerfectTests";
				PRODUCT_NAME = "$(TARGET_NAME)";
				TEST_HOST = "$(BUILT_PRODUCTS_DIR)/Pitch Perfect.app/Pitch Perfect";
			};
			name = Debug;
		};
		0E1998AF1BF08020006BA714 /* Release */ = {
			isa = XCBuildConfiguration;
			buildSettings = {
				BUNDLE_LOADER = "$(TEST_HOST)";
				INFOPLIST_FILE = "Pitch PerfectTests/Info.plist";
				LD_RUNPATH_SEARCH_PATHS = "$(inherited) @executable_path/Frameworks @loader_path/Frameworks";
				PRODUCT_BUNDLE_IDENTIFIER = "com.samirUdacityStudent.Pitch-PerfectTests";
				PRODUCT_NAME = "$(TARGET_NAME)";
				TEST_HOST = "$(BUILT_PRODUCTS_DIR)/Pitch Perfect.app/Pitch Perfect";
			};
			name = Release;
		};
		0E1998B11BF08020006BA714 /* Debug */ = {
			isa = XCBuildConfiguration;
			buildSettings = {
				INFOPLIST_FILE = "Pitch PerfectUITests/Info.plist";
				LD_RUNPATH_SEARCH_PATHS = "$(inherited) @executable_path/Frameworks @loader_path/Frameworks";
				PRODUCT_BUNDLE_IDENTIFIER = "com.samirUdacityStudent.Pitch-PerfectUITests";
				PRODUCT_NAME = "$(TARGET_NAME)";
				TEST_TARGET_NAME = "Pitch Perfect";
				USES_XCTRUNNER = YES;
			};
			name = Debug;
		};
		0E1998B21BF08020006BA714 /* Release */ = {
			isa = XCBuildConfiguration;
			buildSettings = {
				INFOPLIST_FILE = "Pitch PerfectUITests/Info.plist";
				LD_RUNPATH_SEARCH_PATHS = "$(inherited) @executable_path/Frameworks @loader_path/Frameworks";
				PRODUCT_BUNDLE_IDENTIFIER = "com.samirUdacityStudent.Pitch-PerfectUITests";
				PRODUCT_NAME = "$(TARGET_NAME)";
				TEST_TARGET_NAME = "Pitch Perfect";
				USES_XCTRUNNER = YES;
			};
			name = Release;
		};
/* End XCBuildConfiguration section */

/* Begin XCConfigurationList section */
		0E19987D1BF08020006BA714 /* Build configuration list for PBXProject "Pitch Perfect" */ = {
			isa = XCConfigurationList;
			buildConfigurations = (
				0E1998A81BF08020006BA714 /* Debug */,
				0E1998A91BF08020006BA714 /* Release */,
			);
			defaultConfigurationIsVisible = 0;
			defaultConfigurationName = Release;
		};
		0E1998AA1BF08020006BA714 /* Build configuration list for PBXNativeTarget "Pitch Perfect" */ = {
			isa = XCConfigurationList;
			buildConfigurations = (
				0E1998AB1BF08020006BA714 /* Debug */,
				0E1998AC1BF08020006BA714 /* Release */,
			);
			defaultConfigurationIsVisible = 0;
			defaultConfigurationName = Release;
		};
		0E1998AD1BF08020006BA714 /* Build configuration list for PBXNativeTarget "Pitch PerfectTests" */ = {
			isa = XCConfigurationList;
			buildConfigurations = (
				0E1998AE1BF08020006BA714 /* Debug */,
				0E1998AF1BF08020006BA714 /* Release */,
			);
			defaultConfigurationIsVisible = 0;
			defaultConfigurationName = Release;
		};
		0E1998B01BF08020006BA714 /* Build configuration list for PBXNativeTarget "Pitch PerfectUITests" */ = {
			isa = XCConfigurationList;
			buildConfigurations = (
				0E1998B11BF08020006BA714 /* Debug */,
				0E1998B21BF08020006BA714 /* Release */,
			);
			defaultConfigurationIsVisible = 0;
			defaultConfigurationName = Release;
		};
/* End XCConfigurationList section */
	};
	rootObject = 0E19987A1BF08020006BA714 /* Project object */;
}
